
Microsoft Visual Studio Solution File, Format Version 12.00
# Visual Studio 15
VisualStudioVersion = 15.0.26730.16
MinimumVisualStudioVersion = 10.0.40219.1
Project("{FAE04EC0-301F-11D3-BF4B-00C04F79EFBC}") = "CSharpLinq", "CSharpLinq\CSharpLinq.csproj", "{F81CEDF6-89E5-49C1-9687-7C26D71B9E9B}"
EndProject
Global
	GlobalSection(SolutionConfigurationPlatforms) = preSolution
		Debug|Any CPU = Debug|Any CPU
		Release|Any CPU = Release|Any CPU
	EndGlobalSection
	GlobalSection(ProjectConfigurationPlatforms) = postSolution
		{F81CEDF6-89E5-49C1-9687-7C26D71B9E9B}.Debug|Any CPU.ActiveCfg = Debug|Any CPU
		{F81CEDF6-89E5-49C1-9687-7C26D71B9E9B}.Debug|Any CPU.Build.0 = Debug|Any CPU
		{F81CEDF6-89E5-49C1-9687-7C26D71B9E9B}.Release|Any CPU.ActiveCfg = Release|Any CPU
		{F81CEDF6-89E5-49C1-9687-7C26D71B9E9B}.Release|Any CPU.Build.0 = Release|Any CPU
	EndGlobalSection
	GlobalSection(SolutionProperties) = preSolution
		HideSolutionNode = FALSE
	EndGlobalSection
	GlobalSection(ExtensibilityGlobals) = postSolution
		SolutionGuid = {E1F5336E-3D7D-46CD-87F3-87F339088AF4}
	EndGlobalSection
EndGlobal
